{
  "name": "web",
  "lockfileVersion": 3,
  "requires": true,
  "packages": {
    "": {
      "dependencies": {
        "killbot.to": "^1.2.7"
      }
    },
    "node_modules/killbot.to": {
      "version": "1.2.7",
      "resolved": "https://registry.npmjs.org/killbot.to/-/killbot.to-1.2.7.tgz",
      "integrity": "sha512-ZloLulXggfy2/XxkFKq6zBFKl58yyOAepBF8xTgXkp8iZgBF3yMZY26vCG7PvI8VbL5TGHYQDWU1ifsyIlopFg==",
      "license": "ISC"
    }
  }
}
